
Microsoft Visual Studio Solution File, Format Version 12.00
# Visual Studio Version 16
VisualStudioVersion = 16.0.29613.14
MinimumVisualStudioVersion = 10.0.40219.1
Project("{FAE04EC0-301F-11D3-BF4B-00C04F79EFBC}") = "Garage1_0", "Garage\Garage1_0.csproj", "{3262CB24-16EA-4DD6-8D1F-D49A1DB7AF6A}"
EndProject
Project("{FAE04EC0-301F-11D3-BF4B-00C04F79EFBC}") = "UnitTests", "UnitTests\UnitTests.csproj", "{647643A5-547E-493F-B855-96466EB559C1}"
EndProject
Global
	GlobalSection(SolutionConfigurationPlatforms) = preSolution
		Debug|Any CPU = Debug|Any CPU
		Release|Any CPU = Release|Any CPU
	EndGlobalSection
	GlobalSection(ProjectConfigurationPlatforms) = postSolution
		{3262CB24-16EA-4DD6-8D1F-D49A1DB7AF6A}.Debug|Any CPU.ActiveCfg = Debug|Any CPU
		{3262CB24-16EA-4DD6-8D1F-D49A1DB7AF6A}.Debug|Any CPU.Build.0 = Debug|Any CPU
		{3262CB24-16EA-4DD6-8D1F-D49A1DB7AF6A}.Release|Any CPU.ActiveCfg = Release|Any CPU
		{3262CB24-16EA-4DD6-8D1F-D49A1DB7AF6A}.Release|Any CPU.Build.0 = Release|Any CPU
		{647643A5-547E-493F-B855-96466EB559C1}.Debug|Any CPU.ActiveCfg = Debug|Any CPU
		{647643A5-547E-493F-B855-96466EB559C1}.Debug|Any CPU.Build.0 = Debug|Any CPU
		{647643A5-547E-493F-B855-96466EB559C1}.Release|Any CPU.ActiveCfg = Release|Any CPU
		{647643A5-547E-493F-B855-96466EB559C1}.Release|Any CPU.Build.0 = Release|Any CPU
	EndGlobalSection
	GlobalSection(SolutionProperties) = preSolution
		HideSolutionNode = FALSE
	EndGlobalSection
	GlobalSection(ExtensibilityGlobals) = postSolution
		SolutionGuid = {C83E419B-B3ED-4DFC-AE91-910ECC38F392}
	EndGlobalSection
EndGlobal
